
Microsoft Visual Studio Solution File, Format Version 12.00
# Visual Studio Version 17
VisualStudioVersion = 17.11.35219.272
MinimumVisualStudioVersion = 10.0.40219.1
Project("{8BC9CEB8-8B4A-11D0-8D11-00A0C91BC942}") = "Ejercicio6", "Ejercicio6.vcxproj", "{D65AE320-F830-4113-A2BD-724BE7FE01E9}"
EndProject
Global
	GlobalSection(SolutionConfigurationPlatforms) = preSolution
		Debug|x64 = Debug|x64
		Debug|x86 = Debug|x86
		Release|x64 = Release|x64
		Release|x86 = Release|x86
	EndGlobalSection
	GlobalSection(ProjectConfigurationPlatforms) = postSolution
		{D65AE320-F830-4113-A2BD-724BE7FE01E9}.Debug|x64.ActiveCfg = Debug|x64
		{D65AE320-F830-4113-A2BD-724BE7FE01E9}.Debug|x64.Build.0 = Debug|x64
		{D65AE320-F830-4113-A2BD-724BE7FE01E9}.Debug|x86.ActiveCfg = Debug|Win32
		{D65AE320-F830-4113-A2BD-724BE7FE01E9}.Debug|x86.Build.0 = Debug|Win32
		{D65AE320-F830-4113-A2BD-724BE7FE01E9}.Release|x64.ActiveCfg = Release|x64
		{D65AE320-F830-4113-A2BD-724BE7FE01E9}.Release|x64.Build.0 = Release|x64
		{D65AE320-F830-4113-A2BD-724BE7FE01E9}.Release|x86.ActiveCfg = Release|Win32
		{D65AE320-F830-4113-A2BD-724BE7FE01E9}.Release|x86.Build.0 = Release|Win32
	EndGlobalSection
	GlobalSection(SolutionProperties) = preSolution
		HideSolutionNode = FALSE
	EndGlobalSection
	GlobalSection(ExtensibilityGlobals) = postSolution
		SolutionGuid = {073438B7-DDA6-4A12-8F97-44AF605DFA4C}
	EndGlobalSection
EndGlobal
